
Microsoft Visual Studio Solution File, Format Version 12.00
# Visual Studio Version 17
VisualStudioVersion = 17.14.36414.22
MinimumVisualStudioVersion = 10.0.40219.1
Project("{FAE04EC0-301F-11D3-BF4B-00C04F79EFBC}") = "VendingMachine", "VendingMachine\VendingMachine.csproj", "{151C30FA-CF66-4975-ADD2-8003BD5260D2}"
EndProject
Project("{2150E333-8FDC-42A3-9474-1A3956D46DE8}") = "Models", "Models", "{02EA681E-C7D8-13C7-8484-4AC65E1B71E8}"
	ProjectSection(SolutionItems) = preProject
		Payment.cs = Payment.cs
		Product.cs = Product.cs
	EndProjectSection
EndProject
Project("{2150E333-8FDC-42A3-9474-1A3956D46DE8}") = "Repository", "Repository", "{E70CD9EB-FA2B-4C68-9A60-4D08788AE608}"
	ProjectSection(SolutionItems) = preProject
		PaymentCellectionRepo.cs = PaymentCellectionRepo.cs
	EndProjectSection
EndProject
Project("{2150E333-8FDC-42A3-9474-1A3956D46DE8}") = "Services", "Services", "{3081E23F-D59B-4214-A37E-6C50A1A3B8C1}"
EndProject
Global
	GlobalSection(SolutionConfigurationPlatforms) = preSolution
		Debug|Any CPU = Debug|Any CPU
		Release|Any CPU = Release|Any CPU
	EndGlobalSection
	GlobalSection(ProjectConfigurationPlatforms) = postSolution
		{151C30FA-CF66-4975-ADD2-8003BD5260D2}.Debug|Any CPU.ActiveCfg = Debug|Any CPU
		{151C30FA-CF66-4975-ADD2-8003BD5260D2}.Debug|Any CPU.Build.0 = Debug|Any CPU
		{151C30FA-CF66-4975-ADD2-8003BD5260D2}.Release|Any CPU.ActiveCfg = Release|Any CPU
		{151C30FA-CF66-4975-ADD2-8003BD5260D2}.Release|Any CPU.Build.0 = Release|Any CPU
	EndGlobalSection
	GlobalSection(SolutionProperties) = preSolution
		HideSolutionNode = FALSE
	EndGlobalSection
	GlobalSection(ExtensibilityGlobals) = postSolution
		SolutionGuid = {64B4E816-76AD-4FD1-A1A7-14622568B8FE}
	EndGlobalSection
EndGlobal
